// !$*UTF8*$!
{
	archiveVersion = 1;
	classes = {
	};
	objectVersion = 55;
	objects = {

/* Begin PBXBuildFile section */
		38EF430B2C054D3400A11023 /* SnapsViewController.swift in Sources */ = {isa = PBXBuildFile; fileRef = 38EF430A2C054D3400A11023 /* SnapsViewController.swift */; };
		4EB747DA2C07692D00BADD32 /* FirebaseAnalytics in Frameworks */ = {isa = PBXBuildFile; productRef = 4EB747D92C07692D00BADD32 /* FirebaseAnalytics */; };
		4EB747DC2C07692D00BADD32 /* FirebaseAnalyticsWithoutAdIdSupport in Frameworks */ = {isa = PBXBuildFile; productRef = 4EB747DB2C07692D00BADD32 /* FirebaseAnalyticsWithoutAdIdSupport */; };
		4EB747DE2C07692D00BADD32 /* FirebaseAuth in Frameworks */ = {isa = PBXBuildFile; productRef = 4EB747DD2C07692D00BADD32 /* FirebaseAuth */; };
		4EB747E02C07692D00BADD32 /* FirebaseDatabase in Frameworks */ = {isa = PBXBuildFile; productRef = 4EB747DF2C07692D00BADD32 /* FirebaseDatabase */; };
		4EB747E22C07692D00BADD32 /* FirebaseStorage in Frameworks */ = {isa = PBXBuildFile; productRef = 4EB747E12C07692D00BADD32 /* FirebaseStorage */; };
		4EB747E42C076EF900BADD32 /* ImagenViewController.swift in Sources */ = {isa = PBXBuildFile; fileRef = 4EB747E32C076EF900BADD32 /* ImagenViewController.swift */; };
		4EB747E62C0787BE00BADD32 /* ElegirUsuarioViewController.swift in Sources */ = {isa = PBXBuildFile; fileRef = 4EB747E52C0787BE00BADD32 /* ElegirUsuarioViewController.swift */; };
		4EB747EA2C078E6A00BADD32 /* Usuario.swift in Sources */ = {isa = PBXBuildFile; fileRef = 4EB747E92C078E6A00BADD32 /* Usuario.swift */; };
		4EB747EC2C07ADA600BADD32 /* crearUsuarioViewController.swift in Sources */ = {isa = PBXBuildFile; fileRef = 4EB747EB2C07ADA600BADD32 /* crearUsuarioViewController.swift */; };
		4EB747F02C07BFEB00BADD32 /* GoogleService-Info.plist in Resources */ = {isa = PBXBuildFile; fileRef = 4EB747EF2C07BFEB00BADD32 /* GoogleService-Info.plist */; };
		4EC1DB552BFE67150041CF2B /* AppDelegate.swift in Sources */ = {isa = PBXBuildFile; fileRef = 4EC1DB542BFE67150041CF2B /* AppDelegate.swift */; };
		4EC1DB572BFE67150041CF2B /* SceneDelegate.swift in Sources */ = {isa = PBXBuildFile; fileRef = 4EC1DB562BFE67150041CF2B /* SceneDelegate.swift */; };
		4EC1DB592BFE67150041CF2B /* iniciarSesionViewController.swift in Sources */ = {isa = PBXBuildFile; fileRef = 4EC1DB582BFE67150041CF2B /* iniciarSesionViewController.swift */; };
		4EC1DB5C2BFE67150041CF2B /* Main.storyboard in Resources */ = {isa = PBXBuildFile; fileRef = 4EC1DB5A2BFE67150041CF2B /* Main.storyboard */; };
		4EC1DB5E2BFE67160041CF2B /* Assets.xcassets in Resources */ = {isa = PBXBuildFile; fileRef = 4EC1DB5D2BFE67160041CF2B /* Assets.xcassets */; };
		4EC1DB612BFE67160041CF2B /* LaunchScreen.storyboard in Resources */ = {isa = PBXBuildFile; fileRef = 4EC1DB5F2BFE67160041CF2B /* LaunchScreen.storyboard */; };
		4ED5F7C42C07C1E200639DF1 /* GoogleSignIn in Frameworks */ = {isa = PBXBuildFile; productRef = 4ED5F7C32C07C1E200639DF1 /* GoogleSignIn */; };
		4ED5F7C62C07C1E200639DF1 /* GoogleSignInSwift in Frameworks */ = {isa = PBXBuildFile; productRef = 4ED5F7C52C07C1E200639DF1 /* GoogleSignInSwift */; };
		4ED5F7C92C07CB4600639DF1 /* GoogleSignIn in Frameworks */ = {isa = PBXBuildFile; productRef = 4ED5F7C82C07CB4600639DF1 /* GoogleSignIn */; };
		4ED5F7CB2C07CB4600639DF1 /* GoogleSignInSwift in Frameworks */ = {isa = PBXBuildFile; productRef = 4ED5F7CA2C07CB4600639DF1 /* GoogleSignInSwift */; };
		4EE245BA2C10AC1700AD6DC3 /* Snap.swift in Sources */ = {isa = PBXBuildFile; fileRef = 4EE245B92C10AC1700AD6DC3 /* Snap.swift */; };
		4EE245BC2C10B39E00AD6DC3 /* VerSnapViewController.swift in Sources */ = {isa = PBXBuildFile; fileRef = 4EE245BB2C10B39E00AD6DC3 /* VerSnapViewController.swift */; };
		4EE245BF2C10B9CB00AD6DC3 /* SDWebImage in Frameworks */ = {isa = PBXBuildFile; productRef = 4EE245BE2C10B9CB00AD6DC3 /* SDWebImage */; };
		4EE245C12C10B9CB00AD6DC3 /* SDWebImageMapKit in Frameworks */ = {isa = PBXBuildFile; productRef = 4EE245C02C10B9CB00AD6DC3 /* SDWebImageMapKit */; };
/* End PBXBuildFile section */

/* Begin PBXFileReference section */
		38EF43092C054B7A00A11023 /* mamaniSaycoSnapchat2Debug.entitlements */ = {isa = PBXFileReference; lastKnownFileType = text.plist.entitlements; path = mamaniSaycoSnapchat2Debug.entitlements; sourceTree = "<group>"; };
		38EF430A2C054D3400A11023 /* SnapsViewController.swift */ = {isa = PBXFileReference; lastKnownFileType = sourcecode.swift; path = SnapsViewController.swift; sourceTree = "<group>"; };
		4EB747E32C076EF900BADD32 /* ImagenViewController.swift */ = {isa = PBXFileReference; lastKnownFileType = sourcecode.swift; path = ImagenViewController.swift; sourceTree = "<group>"; };
		4EB747E52C0787BE00BADD32 /* ElegirUsuarioViewController.swift */ = {isa = PBXFileReference; lastKnownFileType = sourcecode.swift; path = ElegirUsuarioViewController.swift; sourceTree = "<group>"; };
		4EB747E92C078E6A00BADD32 /* Usuario.swift */ = {isa = PBXFileReference; lastKnownFileType = sourcecode.swift; path = Usuario.swift; sourceTree = "<group>"; };
		4EB747EB2C07ADA600BADD32 /* crearUsuarioViewController.swift */ = {isa = PBXFileReference; lastKnownFileType = sourcecode.swift; path = crearUsuarioViewController.swift; sourceTree = "<group>"; };
		4EB747EF2C07BFEB00BADD32 /* GoogleService-Info.plist */ = {isa = PBXFileReference; fileEncoding = 4; lastKnownFileType = text.plist.xml; path = "GoogleService-Info.plist"; sourceTree = "<group>"; };
		4EC1DB512BFE67150041CF2B /* mamaniSaycoSnapchat2.app */ = {isa = PBXFileReference; explicitFileType = wrapper.application; includeInIndex = 0; path = mamaniSaycoSnapchat2.app; sourceTree = BUILT_PRODUCTS_DIR; };
		4EC1DB542BFE67150041CF2B /* AppDelegate.swift */ = {isa = PBXFileReference; lastKnownFileType = sourcecode.swift; path = AppDelegate.swift; sourceTree = "<group>"; };
		4EC1DB562BFE67150041CF2B /* SceneDelegate.swift */ = {isa = PBXFileReference; lastKnownFileType = sourcecode.swift; path = SceneDelegate.swift; sourceTree = "<group>"; };
		4EC1DB582BFE67150041CF2B /* iniciarSesionViewController.swift */ = {isa = PBXFileReference; lastKnownFileType = sourcecode.swift; path = iniciarSesionViewController.swift; sourceTree = "<group>"; };
		4EC1DB5B2BFE67150041CF2B /* Base */ = {isa = PBXFileReference; lastKnownFileType = file.storyboard; name = Base; path = Base.lproj/Main.storyboard; sourceTree = "<group>"; };
		4EC1DB5D2BFE67160041CF2B /* Assets.xcassets */ = {isa = PBXFileReference; lastKnownFileType = folder.assetcatalog; path = Assets.xcassets; sourceTree = "<group>"; };
		4EC1DB602BFE67160041CF2B /* Base */ = {isa = PBXFileReference; lastKnownFileType = file.storyboard; name = Base; path = Base.lproj/LaunchScreen.storyboard; sourceTree = "<group>"; };
		4EC1DB622BFE67160041CF2B /* Info.plist */ = {isa = PBXFileReference; lastKnownFileType = text.plist.xml; path = Info.plist; sourceTree = "<group>"; };
		4EE245B92C10AC1700AD6DC3 /* Snap.swift */ = {isa = PBXFileReference; lastKnownFileType = sourcecode.swift; path = Snap.swift; sourceTree = "<group>"; };
		4EE245BB2C10B39E00AD6DC3 /* VerSnapViewController.swift */ = {isa = PBXFileReference; lastKnownFileType = sourcecode.swift; path = VerSnapViewController.swift; sourceTree = "<group>"; };
/* End PBXFileReference section */

/* Begin PBXFrameworksBuildPhase section */
		4EC1DB4E2BFE67150041CF2B /* Frameworks */ = {
			isa = PBXFrameworksBuildPhase;
			buildActionMask = 2147483647;
			files = (
				4ED5F7CB2C07CB4600639DF1 /* GoogleSignInSwift in Frameworks */,
				4EB747DA2C07692D00BADD32 /* FirebaseAnalytics in Frameworks */,
				4ED5F7C92C07CB4600639DF1 /* GoogleSignIn in Frameworks */,
				4EB747DE2C07692D00BADD32 /* FirebaseAuth in Frameworks */,
				4EE245BF2C10B9CB00AD6DC3 /* SDWebImage in Frameworks */,
				4ED5F7C62C07C1E200639DF1 /* GoogleSignInSwift in Frameworks */,
				4EB747E02C07692D00BADD32 /* FirebaseDatabase in Frameworks */,
				4EE245C12C10B9CB00AD6DC3 /* SDWebImageMapKit in Frameworks */,
				4EB747E22C07692D00BADD32 /* FirebaseStorage in Frameworks */,
				4EB747DC2C07692D00BADD32 /* FirebaseAnalyticsWithoutAdIdSupport in Frameworks */,
				4ED5F7C42C07C1E200639DF1 /* GoogleSignIn in Frameworks */,
			);
			runOnlyForDeploymentPostprocessing = 0;
		};
/* End PBXFrameworksBuildPhase section */

/* Begin PBXGroup section */
		4EB747E72C078DDD00BADD32 /* ViewControllers */ = {
			isa = PBXGroup;
			children = (
				4EC1DB582BFE67150041CF2B /* iniciarSesionViewController.swift */,
				38EF430A2C054D3400A11023 /* SnapsViewController.swift */,
				4EB747E32C076EF900BADD32 /* ImagenViewController.swift */,
				4EB747E52C0787BE00BADD32 /* ElegirUsuarioViewController.swift */,
				4EB747EB2C07ADA600BADD32 /* crearUsuarioViewController.swift */,
				4EE245BB2C10B39E00AD6DC3 /* VerSnapViewController.swift */,
			);
			path = ViewControllers;
			sourceTree = "<group>";
		};
		4EB747E82C078E5200BADD32 /* Modelos */ = {
			isa = PBXGroup;
			children = (
				4EB747E92C078E6A00BADD32 /* Usuario.swift */,
				4EE245B92C10AC1700AD6DC3 /* Snap.swift */,
			);
			path = Modelos;
			sourceTree = "<group>";
		};
		4EC1DB482BFE67150041CF2B = {
			isa = PBXGroup;
			children = (
				4EC1DB532BFE67150041CF2B /* mamaniSaycoSnapchat2 */,
				4EC1DB522BFE67150041CF2B /* Products */,
			);
			sourceTree = "<group>";
		};
		4EC1DB522BFE67150041CF2B /* Products */ = {
			isa = PBXGroup;
			children = (
				4EC1DB512BFE67150041CF2B /* mamaniSaycoSnapchat2.app */,
			);
			name = Products;
			sourceTree = "<group>";
		};
		4EC1DB532BFE67150041CF2B /* mamaniSaycoSnapchat2 */ = {
			isa = PBXGroup;
			children = (
				4EB747E72C078DDD00BADD32 /* ViewControllers */,
				4EB747EF2C07BFEB00BADD32 /* GoogleService-Info.plist */,
				4EB747E82C078E5200BADD32 /* Modelos */,
				38EF43092C054B7A00A11023 /* mamaniSaycoSnapchat2Debug.entitlements */,
				4EC1DB542BFE67150041CF2B /* AppDelegate.swift */,
				4EC1DB562BFE67150041CF2B /* SceneDelegate.swift */,
				4EC1DB5A2BFE67150041CF2B /* Main.storyboard */,
				4EC1DB5D2BFE67160041CF2B /* Assets.xcassets */,
				4EC1DB5F2BFE67160041CF2B /* LaunchScreen.storyboard */,
				4EC1DB622BFE67160041CF2B /* Info.plist */,
			);
			path = mamaniSaycoSnapchat2;
			sourceTree = "<group>";
		};
/* End PBXGroup section */

/* Begin PBXNativeTarget section */
		4EC1DB502BFE67150041CF2B /* mamaniSaycoSnapchat2 */ = {
			isa = PBXNativeTarget;
			buildConfigurationList = 4EC1DB652BFE67160041CF2B /* Build configuration list for PBXNativeTarget "mamaniSaycoSnapchat2" */;
			buildPhases = (
				4EC1DB4D2BFE67150041CF2B /* Sources */,
				4EC1DB4E2BFE67150041CF2B /* Frameworks */,
				4EC1DB4F2BFE67150041CF2B /* Resources */,
			);
			buildRules = (
			);
			dependencies = (
			);
			name = mamaniSaycoSnapchat2;
			packageProductDependencies = (
				4EB747D92C07692D00BADD32 /* FirebaseAnalytics */,
				4EB747DB2C07692D00BADD32 /* FirebaseAnalyticsWithoutAdIdSupport */,
				4EB747DD2C07692D00BADD32 /* FirebaseAuth */,
				4EB747DF2C07692D00BADD32 /* FirebaseDatabase */,
				4EB747E12C07692D00BADD32 /* FirebaseStorage */,
				4ED5F7C32C07C1E200639DF1 /* GoogleSignIn */,
				4ED5F7C52C07C1E200639DF1 /* GoogleSignInSwift */,
				4ED5F7C82C07CB4600639DF1 /* GoogleSignIn */,
				4ED5F7CA2C07CB4600639DF1 /* GoogleSignInSwift */,
				4EE245BE2C10B9CB00AD6DC3 /* SDWebImage */,
				4EE245C02C10B9CB00AD6DC3 /* SDWebImageMapKit */,
			);
			productName = mamaniSaycoSnapchat2;
			productReference = 4EC1DB512BFE67150041CF2B /* mamaniSaycoSnapchat2.app */;
			productType = "com.apple.product-type.application";
		};
/* End PBXNativeTarget section */

/* Begin PBXProject section */
		4EC1DB492BFE67150041CF2B /* Project object */ = {
			isa = PBXProject;
			attributes = {
				BuildIndependentTargetsInParallel = 1;
				LastSwiftUpdateCheck = 1340;
				LastUpgradeCheck = 1340;
				TargetAttributes = {
					4EC1DB502BFE67150041CF2B = {
						CreatedOnToolsVersion = 13.4.1;
					};
				};
			};
			buildConfigurationList = 4EC1DB4C2BFE67150041CF2B /* Build configuration list for PBXProject "mamaniSaycoSnapchat2" */;
			compatibilityVersion = "Xcode 13.0";
			developmentRegion = en;
			hasScannedForEncodings = 0;
			knownRegions = (
				en,
				Base,
			);
			mainGroup = 4EC1DB482BFE67150041CF2B;
			packageReferences = (
				4EB747D82C07692D00BADD32 /* XCRemoteSwiftPackageReference "firebase-ios-sdk" */,
				4ED5F7C22C07C1E200639DF1 /* XCRemoteSwiftPackageReference "GoogleSignIn-iOS" */,
				4ED5F7C72C07CB4600639DF1 /* XCRemoteSwiftPackageReference "GoogleSignIn-iOS" */,
				4EE245BD2C10B9CB00AD6DC3 /* XCRemoteSwiftPackageReference "SDWebImage" */,
			);
			productRefGroup = 4EC1DB522BFE67150041CF2B /* Products */;
			projectDirPath = "";
			projectRoot = "";
			targets = (
				4EC1DB502BFE67150041CF2B /* mamaniSaycoSnapchat2 */,
			);
		};
/* End PBXProject section */

/* Begin PBXResourcesBuildPhase section */
		4EC1DB4F2BFE67150041CF2B /* Resources */ = {
			isa = PBXResourcesBuildPhase;
			buildActionMask = 2147483647;
			files = (
				4EC1DB612BFE67160041CF2B /* LaunchScreen.storyboard in Resources */,
				4EB747F02C07BFEB00BADD32 /* GoogleService-Info.plist in Resources */,
				4EC1DB5E2BFE67160041CF2B /* Assets.xcassets in Resources */,
				4EC1DB5C2BFE67150041CF2B /* Main.storyboard in Resources */,
			);
			runOnlyForDeploymentPostprocessing = 0;
		};
/* End PBXResourcesBuildPhase section */

/* Begin PBXSourcesBuildPhase section */
		4EC1DB4D2BFE67150041CF2B /* Sources */ = {
			isa = PBXSourcesBuildPhase;
			buildActionMask = 2147483647;
			files = (
				38EF430B2C054D3400A11023 /* SnapsViewController.swift in Sources */,
				4EB747E42C076EF900BADD32 /* ImagenViewController.swift in Sources */,
				4EE245BA2C10AC1700AD6DC3 /* Snap.swift in Sources */,
				4EB747EA2C078E6A00BADD32 /* Usuario.swift in Sources */,
				4EE245BC2C10B39E00AD6DC3 /* VerSnapViewController.swift in Sources */,
				4EC1DB592BFE67150041CF2B /* iniciarSesionViewController.swift in Sources */,
				4EC1DB552BFE67150041CF2B /* AppDelegate.swift in Sources */,
				4EC1DB572BFE67150041CF2B /* SceneDelegate.swift in Sources */,
				4EB747EC2C07ADA600BADD32 /* crearUsuarioViewController.swift in Sources */,
				4EB747E62C0787BE00BADD32 /* ElegirUsuarioViewController.swift in Sources */,
			);
			runOnlyForDeploymentPostprocessing = 0;
		};
/* End PBXSourcesBuildPhase section */

/* Begin PBXVariantGroup section */
		4EC1DB5A2BFE67150041CF2B /* Main.storyboard */ = {
			isa = PBXVariantGroup;
			children = (
				4EC1DB5B2BFE67150041CF2B /* Base */,
			);
			name = Main.storyboard;
			sourceTree = "<group>";
		};
		4EC1DB5F2BFE67160041CF2B /* LaunchScreen.storyboard */ = {
			isa = PBXVariantGroup;
			children = (
				4EC1DB602BFE67160041CF2B /* Base */,
			);
			name = LaunchScreen.storyboard;
			sourceTree = "<group>";
		};
/* End PBXVariantGroup section */

/* Begin XCBuildConfiguration section */
		4EC1DB632BFE67160041CF2B /* Debug */ = {
			isa = XCBuildConfiguration;
			buildSettings = {
				ALWAYS_SEARCH_USER_PATHS = NO;
				CLANG_ANALYZER_NONNULL = YES;
				CLANG_ANALYZER_NUMBER_OBJECT_CONVERSION = YES_AGGRESSIVE;
				CLANG_CXX_LANGUAGE_STANDARD = "gnu++17";
				CLANG_ENABLE_MODULES = YES;
				CLANG_ENABLE_OBJC_ARC = YES;
				CLANG_ENABLE_OBJC_WEAK = YES;
				CLANG_WARN_BLOCK_CAPTURE_AUTORELEASING = YES;
				CLANG_WARN_BOOL_CONVERSION = YES;
				CLANG_WARN_COMMA = YES;
				CLANG_WARN_CONSTANT_CONVERSION = YES;
				CLANG_WARN_DEPRECATED_OBJC_IMPLEMENTATIONS = YES;
				CLANG_WARN_DIRECT_OBJC_ISA_USAGE = YES_ERROR;
				CLANG_WARN_DOCUMENTATION_COMMENTS = YES;
				CLANG_WARN_EMPTY_BODY = YES;
				CLANG_WARN_ENUM_CONVERSION = YES;
				CLANG_WARN_INFINITE_RECURSION = YES;
				CLANG_WARN_INT_CONVERSION = YES;
				CLANG_WARN_NON_LITERAL_NULL_CONVERSION = YES;
				CLANG_WARN_OBJC_IMPLICIT_RETAIN_SELF = YES;
				CLANG_WARN_OBJC_LITERAL_CONVERSION = YES;
				CLANG_WARN_OBJC_ROOT_CLASS = YES_ERROR;
				CLANG_WARN_QUOTED_INCLUDE_IN_FRAMEWORK_HEADER = YES;
				CLANG_WARN_RANGE_LOOP_ANALYSIS = YES;
				CLANG_WARN_STRICT_PROTOTYPES = YES;
				CLANG_WARN_SUSPICIOUS_MOVE = YES;
				CLANG_WARN_UNGUARDED_AVAILABILITY = YES_AGGRESSIVE;
				CLANG_WARN_UNREACHABLE_CODE = YES;
				CLANG_WARN__DUPLICATE_METHOD_MATCH = YES;
				COPY_PHASE_STRIP = NO;
				DEBUG_INFORMATION_FORMAT = dwarf;
				ENABLE_STRICT_OBJC_MSGSEND = YES;
				ENABLE_TESTABILITY = YES;
				GCC_C_LANGUAGE_STANDARD = gnu11;
				GCC_DYNAMIC_NO_PIC = NO;
				GCC_NO_COMMON_BLOCKS = YES;
				GCC_OPTIMIZATION_LEVEL = 0;
				GCC_PREPROCESSOR_DEFINITIONS = (
					"DEBUG=1",
					"$(inherited)",
				);
				GCC_WARN_64_TO_32_BIT_CONVERSION = YES;
				GCC_WARN_ABOUT_RETURN_TYPE = YES_ERROR;
				GCC_WARN_UNDECLARED_SELECTOR = YES;
				GCC_WARN_UNINITIALIZED_AUTOS = YES_AGGRESSIVE;
				GCC_WARN_UNUSED_FUNCTION = YES;
				GCC_WARN_UNUSED_VARIABLE = YES;
				IPHONEOS_DEPLOYMENT_TARGET = 15.5;
				MTL_ENABLE_DEBUG_INFO = INCLUDE_SOURCE;
				MTL_FAST_MATH = YES;
				ONLY_ACTIVE_ARCH = YES;
				SDKROOT = iphoneos;
				SWIFT_ACTIVE_COMPILATION_CONDITIONS = DEBUG;
				SWIFT_OPTIMIZATION_LEVEL = "-Onone";
			};
			name = Debug;
		};
		4EC1DB642BFE67160041CF2B /* Release */ = {
			isa = XCBuildConfiguration;
			buildSettings = {
				ALWAYS_SEARCH_USER_PATHS = NO;
				CLANG_ANALYZER_NONNULL = YES;
				CLANG_ANALYZER_NUMBER_OBJECT_CONVERSION = YES_AGGRESSIVE;
				CLANG_CXX_LANGUAGE_STANDARD = "gnu++17";
				CLANG_ENABLE_MODULES = YES;
				CLANG_ENABLE_OBJC_ARC = YES;
				CLANG_ENABLE_OBJC_WEAK = YES;
				CLANG_WARN_BLOCK_CAPTURE_AUTORELEASING = YES;
				CLANG_WARN_BOOL_CONVERSION = YES;
				CLANG_WARN_COMMA = YES;
				CLANG_WARN_CONSTANT_CONVERSION = YES;
				CLANG_WARN_DEPRECATED_OBJC_IMPLEMENTATIONS = YES;
				CLANG_WARN_DIRECT_OBJC_ISA_USAGE = YES_ERROR;
				CLANG_WARN_DOCUMENTATION_COMMENTS = YES;
				CLANG_WARN_EMPTY_BODY = YES;
				CLANG_WARN_ENUM_CONVERSION = YES;
				CLANG_WARN_INFINITE_RECURSION = YES;
				CLANG_WARN_INT_CONVERSION = YES;
				CLANG_WARN_NON_LITERAL_NULL_CONVERSION = YES;
				CLANG_WARN_OBJC_IMPLICIT_RETAIN_SELF = YES;
				CLANG_WARN_OBJC_LITERAL_CONVERSION = YES;
				CLANG_WARN_OBJC_ROOT_CLASS = YES_ERROR;
				CLANG_WARN_QUOTED_INCLUDE_IN_FRAMEWORK_HEADER = YES;
				CLANG_WARN_RANGE_LOOP_ANALYSIS = YES;
				CLANG_WARN_STRICT_PROTOTYPES = YES;
				CLANG_WARN_SUSPICIOUS_MOVE = YES;
				CLANG_WARN_UNGUARDED_AVAILABILITY = YES_AGGRESSIVE;
				CLANG_WARN_UNREACHABLE_CODE = YES;
				CLANG_WARN__DUPLICATE_METHOD_MATCH = YES;
				COPY_PHASE_STRIP = NO;
				DEBUG_INFORMATION_FORMAT = "dwarf-with-dsym";
				ENABLE_NS_ASSERTIONS = NO;
				ENABLE_STRICT_OBJC_MSGSEND = YES;
				GCC_C_LANGUAGE_STANDARD = gnu11;
				GCC_NO_COMMON_BLOCKS = YES;
				GCC_WARN_64_TO_32_BIT_CONVERSION = YES;
				GCC_WARN_ABOUT_RETURN_TYPE = YES_ERROR;
				GCC_WARN_UNDECLARED_SELECTOR = YES;
				GCC_WARN_UNINITIALIZED_AUTOS = YES_AGGRESSIVE;
				GCC_WARN_UNUSED_FUNCTION = YES;
				GCC_WARN_UNUSED_VARIABLE = YES;
				IPHONEOS_DEPLOYMENT_TARGET = 15.5;
				MTL_ENABLE_DEBUG_INFO = NO;
				MTL_FAST_MATH = YES;
				SDKROOT = iphoneos;
				SWIFT_COMPILATION_MODE = wholemodule;
				SWIFT_OPTIMIZATION_LEVEL = "-O";
				VALIDATE_PRODUCT = YES;
			};
			name = Release;
		};
		4EC1DB662BFE67160041CF2B /* Debug */ = {
			isa = XCBuildConfiguration;
			buildSettings = {
				ASSETCATALOG_COMPILER_APPICON_NAME = AppIcon;
				ASSETCATALOG_COMPILER_GLOBAL_ACCENT_COLOR_NAME = AccentColor;
				CODE_SIGN_ENTITLEMENTS = mamaniSaycoSnapchat2/mamaniSaycoSnapchat2Debug.entitlements;
				CODE_SIGN_STYLE = Automatic;
				CURRENT_PROJECT_VERSION = 1;
				DEVELOPMENT_TEAM = HVR43N679Y;
				GENERATE_INFOPLIST_FILE = YES;
				INFOPLIST_FILE = mamaniSaycoSnapchat2/Info.plist;
				INFOPLIST_KEY_UIApplicationSupportsIndirectInputEvents = YES;
				INFOPLIST_KEY_UILaunchStoryboardName = LaunchScreen;
				INFOPLIST_KEY_UIMainStoryboardFile = Main;
				INFOPLIST_KEY_UISupportedInterfaceOrientations_iPad = "UIInterfaceOrientationPortrait UIInterfaceOrientationPortraitUpsideDown UIInterfaceOrientationLandscapeLeft UIInterfaceOrientationLandscapeRight";
				INFOPLIST_KEY_UISupportedInterfaceOrientations_iPhone = "UIInterfaceOrientationPortrait UIInterfaceOrientationLandscapeLeft UIInterfaceOrientationLandscapeRight";
				LD_RUNPATH_SEARCH_PATHS = (
					"$(inherited)",
					"@executable_path/Frameworks",
				);
				MARKETING_VERSION = 1.0;
				PRODUCT_BUNDLE_IDENTIFIER = deah.mamaniSaycoSnapchat2;
				PRODUCT_NAME = "$(TARGET_NAME)";
				SWIFT_EMIT_LOC_STRINGS = YES;
				SWIFT_VERSION = 5.0;
				TARGETED_DEVICE_FAMILY = "1,2";
			};
			name = Debug;
		};
		4EC1DB672BFE67160041CF2B /* Release */ = {
			isa = XCBuildConfiguration;
			buildSettings = {
				ASSETCATALOG_COMPILER_APPICON_NAME = AppIcon;
				ASSETCATALOG_COMPILER_GLOBAL_ACCENT_COLOR_NAME = AccentColor;
				CODE_SIGN_STYLE = Automatic;
				CURRENT_PROJECT_VERSION = 1;
				DEVELOPMENT_TEAM = HVR43N679Y;
				GENERATE_INFOPLIST_FILE = YES;
				INFOPLIST_FILE = mamaniSaycoSnapchat2/Info.plist;
				INFOPLIST_KEY_UIApplicationSupportsIndirectInputEvents = YES;
				INFOPLIST_KEY_UILaunchStoryboardName = LaunchScreen;
				INFOPLIST_KEY_UIMainStoryboardFile = Main;
				INFOPLIST_KEY_UISupportedInterfaceOrientations_iPad = "UIInterfaceOrientationPortrait UIInterfaceOrientationPortraitUpsideDown UIInterfaceOrientationLandscapeLeft UIInterfaceOrientationLandscapeRight";
				INFOPLIST_KEY_UISupportedInterfaceOrientations_iPhone = "UIInterfaceOrientationPortrait UIInterfaceOrientationLandscapeLeft UIInterfaceOrientationLandscapeRight";
				LD_RUNPATH_SEARCH_PATHS = (
					"$(inherited)",
					"@executable_path/Frameworks",
				);
				MARKETING_VERSION = 1.0;
				PRODUCT_BUNDLE_IDENTIFIER = deah.mamaniSaycoSnapchat2;
				PRODUCT_NAME = "$(TARGET_NAME)";
				SWIFT_EMIT_LOC_STRINGS = YES;
				SWIFT_VERSION = 5.0;
				TARGETED_DEVICE_FAMILY = "1,2";
			};
			name = Release;
		};
/* End XCBuildConfiguration section */

/* Begin XCConfigurationList section */
		4EC1DB4C2BFE67150041CF2B /* Build configuration list for PBXProject "mamaniSaycoSnapchat2" */ = {
			isa = XCConfigurationList;
			buildConfigurations = (
				4EC1DB632BFE67160041CF2B /* Debug */,
				4EC1DB642BFE67160041CF2B /* Release */,
			);
			defaultConfigurationIsVisible = 0;
			defaultConfigurationName = Release;
		};
		4EC1DB652BFE67160041CF2B /* Build configuration list for PBXNativeTarget "mamaniSaycoSnapchat2" */ = {
			isa = XCConfigurationList;
			buildConfigurations = (
				4EC1DB662BFE67160041CF2B /* Debug */,
				4EC1DB672BFE67160041CF2B /* Release */,
			);
			defaultConfigurationIsVisible = 0;
			defaultConfigurationName = Release;
		};
/* End XCConfigurationList section */

/* Begin XCRemoteSwiftPackageReference section */
		4EB747D82C07692D00BADD32 /* XCRemoteSwiftPackageReference "firebase-ios-sdk" */ = {
			isa = XCRemoteSwiftPackageReference;
			repositoryURL = "https://github.com/firebase/firebase-ios-sdk";
			requirement = {
				kind = versionRange;
				maximumVersion = 10.0.0;
				minimumVersion = 9.0.0;
			};
		};
		4ED5F7C22C07C1E200639DF1 /* XCRemoteSwiftPackageReference "GoogleSignIn-iOS" */ = {
			isa = XCRemoteSwiftPackageReference;
			repositoryURL = "https://github.com/google/GoogleSignIn-iOS";
			requirement = {
				kind = versionRange;
				maximumVersion = 8.0.0;
				minimumVersion = 7.0.0;
			};
		};
		4ED5F7C72C07CB4600639DF1 /* XCRemoteSwiftPackageReference "GoogleSignIn-iOS" */ = {
			isa = XCRemoteSwiftPackageReference;
			repositoryURL = "https://github.com/google/GoogleSignIn-iOS";
			requirement = {
				kind = versionRange;
				maximumVersion = 8.0.0;
				minimumVersion = 7.0.0;
			};
		};
		4EE245BD2C10B9CB00AD6DC3 /* XCRemoteSwiftPackageReference "SDWebImage" */ = {
			isa = XCRemoteSwiftPackageReference;
			repositoryURL = "https://github.com/SDWebImage/SDWebImage.git";
			requirement = {
				kind = versionRange;
				maximumVersion = 6.0.0;
				minimumVersion = 5.0.0;
			};
		};
/* End XCRemoteSwiftPackageReference section */

/* Begin XCSwiftPackageProductDependency section */
		4EB747D92C07692D00BADD32 /* FirebaseAnalytics */ = {
			isa = XCSwiftPackageProductDependency;
			package = 4EB747D82C07692D00BADD32 /* XCRemoteSwiftPackageReference "firebase-ios-sdk" */;
			productName = FirebaseAnalytics;
		};
		4EB747DB2C07692D00BADD32 /* FirebaseAnalyticsWithoutAdIdSupport */ = {
			isa = XCSwiftPackageProductDependency;
			package = 4EB747D82C07692D00BADD32 /* XCRemoteSwiftPackageReference "firebase-ios-sdk" */;
			productName = FirebaseAnalyticsWithoutAdIdSupport;
		};
		4EB747DD2C07692D00BADD32 /* FirebaseAuth */ = {
			isa = XCSwiftPackageProductDependency;
			package = 4EB747D82C07692D00BADD32 /* XCRemoteSwiftPackageReference "firebase-ios-sdk" */;
			productName = FirebaseAuth;
		};
		4EB747DF2C07692D00BADD32 /* FirebaseDatabase */ = {
			isa = XCSwiftPackageProductDependency;
			package = 4EB747D82C07692D00BADD32 /* XCRemoteSwiftPackageReference "firebase-ios-sdk" */;
			productName = FirebaseDatabase;
		};
		4EB747E12C07692D00BADD32 /* FirebaseStorage */ = {
			isa = XCSwiftPackageProductDependency;
			package = 4EB747D82C07692D00BADD32 /* XCRemoteSwiftPackageReference "firebase-ios-sdk" */;
			productName = FirebaseStorage;
		};
		4ED5F7C32C07C1E200639DF1 /* GoogleSignIn */ = {
			isa = XCSwiftPackageProductDependency;
			package = 4ED5F7C22C07C1E200639DF1 /* XCRemoteSwiftPackageReference "GoogleSignIn-iOS" */;
			productName = GoogleSignIn;
		};
		4ED5F7C52C07C1E200639DF1 /* GoogleSignInSwift */ = {
			isa = XCSwiftPackageProductDependency;
			package = 4ED5F7C22C07C1E200639DF1 /* XCRemoteSwiftPackageReference "GoogleSignIn-iOS" */;
			productName = GoogleSignInSwift;
		};
		4ED5F7C82C07CB4600639DF1 /* GoogleSignIn */ = {
			isa = XCSwiftPackageProductDependency;
			package = 4ED5F7C22C07C1E200639DF1 /* XCRemoteSwiftPackageReference "GoogleSignIn-iOS" */;
			productName = GoogleSignIn;
		};
		4ED5F7CA2C07CB4600639DF1 /* GoogleSignInSwift */ = {
			isa = XCSwiftPackageProductDependency;
			package = 4ED5F7C22C07C1E200639DF1 /* XCRemoteSwiftPackageReference "GoogleSignIn-iOS" */;
			productName = GoogleSignInSwift;
		};
		4EE245BE2C10B9CB00AD6DC3 /* SDWebImage */ = {
			isa = XCSwiftPackageProductDependency;
			package = 4EE245BD2C10B9CB00AD6DC3 /* XCRemoteSwiftPackageReference "SDWebImage" */;
			productName = SDWebImage;
		};
		4EE245C02C10B9CB00AD6DC3 /* SDWebImageMapKit */ = {
			isa = XCSwiftPackageProductDependency;
			package = 4EE245BD2C10B9CB00AD6DC3 /* XCRemoteSwiftPackageReference "SDWebImage" */;
			productName = SDWebImageMapKit;
		};
/* End XCSwiftPackageProductDependency section */
	};
	rootObject = 4EC1DB492BFE67150041CF2B /* Project object */;
}
